
Microsoft Visual Studio Solution File, Format Version 12.00
# Visual Studio Version 17
VisualStudioVersion = 17.7.34003.232
MinimumVisualStudioVersion = 10.0.40219.1
Project("{2150E333-8FDC-42A3-9474-1A3956D46DE8}") = "src", "src", "{B07DCD49-8FB0-400A-BD47-D154428AE56F}"
EndProject
Project("{2150E333-8FDC-42A3-9474-1A3956D46DE8}") = "test", "test", "{A352BF57-CCAA-4616-905F-01AEFDA6ACBE}"
EndProject
Project("{FAE04EC0-301F-11D3-BF4B-00C04F79EFBC}") = "Bookify.Domain", "Bookify.Domain\Bookify.Domain.csproj", "{1B59A87B-7D01-4B24-9C47-0CD0FF1BE1F3}"
EndProject
Global
	GlobalSection(SolutionConfigurationPlatforms) = preSolution
		Debug|Any CPU = Debug|Any CPU
		Release|Any CPU = Release|Any CPU
	EndGlobalSection
	GlobalSection(ProjectConfigurationPlatforms) = postSolution
		{1B59A87B-7D01-4B24-9C47-0CD0FF1BE1F3}.Debug|Any CPU.ActiveCfg = Debug|Any CPU
		{1B59A87B-7D01-4B24-9C47-0CD0FF1BE1F3}.Debug|Any CPU.Build.0 = Debug|Any CPU
		{1B59A87B-7D01-4B24-9C47-0CD0FF1BE1F3}.Release|Any CPU.ActiveCfg = Release|Any CPU
		{1B59A87B-7D01-4B24-9C47-0CD0FF1BE1F3}.Release|Any CPU.Build.0 = Release|Any CPU
	EndGlobalSection
	GlobalSection(SolutionProperties) = preSolution
		HideSolutionNode = FALSE
	EndGlobalSection
	GlobalSection(NestedProjects) = preSolution
		{1B59A87B-7D01-4B24-9C47-0CD0FF1BE1F3} = {B07DCD49-8FB0-400A-BD47-D154428AE56F}
	EndGlobalSection
	GlobalSection(ExtensibilityGlobals) = postSolution
		SolutionGuid = {EF988A41-6607-4DA8-A2D6-3CD90877A289}
	EndGlobalSection
EndGlobal
